{
  "originHash" : "4394732e19bfdebe0a45ebd7dea8279c0613e734e540821bf357140348fb7038",
  "pins" : [
    {
      "identity" : "contour-ai-sdk-spm",
      "kind" : "remoteSourceControl",
      "location" : "https://github.com/Contour-Document-Imaging/contour-ai-sdk-spm.git",
      "state" : {
        "revision" : "a03e32f271de83d94bae956b59ed76efb9316b45",
        "version" : "1.11.1"
      }
    }
  ],
  "version" : 3
}
